
Microsoft Visual Studio Solution File, Format Version 12.00
# Visual Studio 15
VisualStudioVersion = 15.0.28307.168
MinimumVisualStudioVersion = 10.0.40219.1
Project("{FAE04EC0-301F-11D3-BF4B-00C04F79EFBC}") = "WebAPI", "WebAPI\WebAPI.csproj", "{98BF541D-5F47-4A76-BAAA-24ECE6F44435}"
EndProject
Global
	GlobalSection(SolutionConfigurationPlatforms) = preSolution
		Debug|Any CPU = Debug|Any CPU
		Release|Any CPU = Release|Any CPU
	EndGlobalSection
	GlobalSection(ProjectConfigurationPlatforms) = postSolution
		{98BF541D-5F47-4A76-BAAA-24ECE6F44435}.Debug|Any CPU.ActiveCfg = Debug|Any CPU
		{98BF541D-5F47-4A76-BAAA-24ECE6F44435}.Debug|Any CPU.Build.0 = Debug|Any CPU
		{98BF541D-5F47-4A76-BAAA-24ECE6F44435}.Release|Any CPU.ActiveCfg = Release|Any CPU
		{98BF541D-5F47-4A76-BAAA-24ECE6F44435}.Release|Any CPU.Build.0 = Release|Any CPU
	EndGlobalSection
	GlobalSection(SolutionProperties) = preSolution
		HideSolutionNode = FALSE
	EndGlobalSection
	GlobalSection(ExtensibilityGlobals) = postSolution
		SolutionGuid = {4D2A7D02-7B5A-48F3-8643-9A01618D7132}
	EndGlobalSection
EndGlobal
